dependencies:
  espressif/esp_audio_codec:
    component_hash: 16e2880dbdd5a72264051f750f33a6e5a38fd25621c83e3a32a85a152d2d2643
    dependencies:
    - name: idf
      require: private
      version: '>=4.4'
    source:
      registry_url: https://components.espressif.com/
      type: service
    version: 2.5.0
  idf:
    source:
      type: idf
    version: 6.0.2
direct_dependencies:
- espressif/esp_audio_codec
manifest_hash: f7634d0ab3121e2def1930e0dec38f338dafb488918a538612a52d2668ef6579
target: esp32s3
version: 3.0.0
